// !$*UTF8*$!
{
	archiveVersion = 1;
	classes = {
	};
	objectVersion = 55;
	objects = {

/* Begin PBXBuildFile section */
		D91890F62AF6686400858463 /* ViewController4.swift in Sources */ = {isa = PBXBuildFile; fileRef = D91890F52AF6686400858463 /* ViewController4.swift */; };
		D9CF63382AF55621004F1F67 /* AppDelegate.swift in Sources */ = {isa = PBXBuildFile; fileRef = D9CF63372AF55621004F1F67 /* AppDelegate.swift */; };
		D9CF633A2AF55621004F1F67 /* SceneDelegate.swift in Sources */ = {isa = PBXBuildFile; fileRef = D9CF63392AF55621004F1F67 /* SceneDelegate.swift */; };
		D9CF633C2AF55621004F1F67 /* ViewController.swift in Sources */ = {isa = PBXBuildFile; fileRef = D9CF633B2AF55621004F1F67 /* ViewController.swift */; };
		D9CF633F2AF55621004F1F67 /* Main.storyboard in Resources */ = {isa = PBXBuildFile; fileRef = D9CF633D2AF55621004F1F67 /* Main.storyboard */; };
		D9CF63412AF55624004F1F67 /* Assets.xcassets in Resources */ = {isa = PBXBuildFile; fileRef = D9CF63402AF55624004F1F67 /* Assets.xcassets */; };
		D9CF63442AF55624004F1F67 /* LaunchScreen.storyboard in Resources */ = {isa = PBXBuildFile; fileRef = D9CF63422AF55624004F1F67 /* LaunchScreen.storyboard */; };
		D9CF634C2AF55844004F1F67 /* ViewController1.swift in Sources */ = {isa = PBXBuildFile; fileRef = D9CF634B2AF55844004F1F67 /* ViewController1.swift */; };
		D9CF634E2AF5586A004F1F67 /* ViewController2.swift in Sources */ = {isa = PBXBuildFile; fileRef = D9CF634D2AF5586A004F1F67 /* ViewController2.swift */; };
		D9CF63502AF558AD004F1F67 /* ViewController3.swift in Sources */ = {isa = PBXBuildFile; fileRef = D9CF634F2AF558AD004F1F67 /* ViewController3.swift */; };
/* End PBXBuildFile section */

/* Begin PBXFileReference section */
		D91890F52AF6686400858463 /* ViewController4.swift */ = {isa = PBXFileReference; lastKnownFileType = sourcecode.swift; path = ViewController4.swift; sourceTree = "<group>"; };
		D9CF63342AF55621004F1F67 /* okayBye.app */ = {isa = PBXFileReference; explicitFileType = wrapper.application; includeInIndex = 0; path = okayBye.app; sourceTree = BUILT_PRODUCTS_DIR; };
		D9CF63372AF55621004F1F67 /* AppDelegate.swift */ = {isa = PBXFileReference; lastKnownFileType = sourcecode.swift; path = AppDelegate.swift; sourceTree = "<group>"; };
		D9CF63392AF55621004F1F67 /* SceneDelegate.swift */ = {isa = PBXFileReference; lastKnownFileType = sourcecode.swift; path = SceneDelegate.swift; sourceTree = "<group>"; };
		D9CF633B2AF55621004F1F67 /* ViewController.swift */ = {isa = PBXFileReference; lastKnownFileType = sourcecode.swift; path = ViewController.swift; sourceTree = "<group>"; };
		D9CF633E2AF55621004F1F67 /* Base */ = {isa = PBXFileReference; lastKnownFileType = file.storyboard; name = Base; path = Base.lproj/Main.storyboard; sourceTree = "<group>"; };
		D9CF63402AF55624004F1F67 /* Assets.xcassets */ = {isa = PBXFileReference; lastKnownFileType = folder.assetcatalog; path = Assets.xcassets; sourceTree = "<group>"; };
		D9CF63432AF55624004F1F67 /* Base */ = {isa = PBXFileReference; lastKnownFileType = file.storyboard; name = Base; path = Base.lproj/LaunchScreen.storyboard; sourceTree = "<group>"; };
		D9CF63452AF55624004F1F67 /* Info.plist */ = {isa = PBXFileReference; lastKnownFileType = text.plist.xml; path = Info.plist; sourceTree = "<group>"; };
		D9CF634B2AF55844004F1F67 /* ViewController1.swift */ = {isa = PBXFileReference; lastKnownFileType = sourcecode.swift; path = ViewController1.swift; sourceTree = "<group>"; };
		D9CF634D2AF5586A004F1F67 /* ViewController2.swift */ = {isa = PBXFileReference; lastKnownFileType = sourcecode.swift; path = ViewController2.swift; sourceTree = "<group>"; };
		D9CF634F2AF558AD004F1F67 /* ViewController3.swift */ = {isa = PBXFileReference; lastKnownFileType = sourcecode.swift; path = ViewController3.swift; sourceTree = "<group>"; };
/* End PBXFileReference section */

/* Begin PBXFrameworksBuildPhase section */
		D9CF63312AF55621004F1F67 /* Frameworks */ = {
			isa = PBXFrameworksBuildPhase;
			buildActionMask = 2147483647;
			files = (
			);
			runOnlyForDeploymentPostprocessing = 0;
		};
/* End PBXFrameworksBuildPhase section */

/* Begin PBXGroup section */
		D9CF632B2AF55621004F1F67 = {
			isa = PBXGroup;
			children = (
				D9CF63362AF55621004F1F67 /* okayBye */,
				D9CF63352AF55621004F1F67 /* Products */,
			);
			sourceTree = "<group>";
		};
		D9CF63352AF55621004F1F67 /* Products */ = {
			isa = PBXGroup;
			children = (
				D9CF63342AF55621004F1F67 /* okayBye.app */,
			);
			name = Products;
			sourceTree = "<group>";
		};
		D9CF63362AF55621004F1F67 /* okayBye */ = {
			isa = PBXGroup;
			children = (
				D9CF63372AF55621004F1F67 /* AppDelegate.swift */,
				D9CF63392AF55621004F1F67 /* SceneDelegate.swift */,
				D9CF633B2AF55621004F1F67 /* ViewController.swift */,
				D9CF633D2AF55621004F1F67 /* Main.storyboard */,
				D9CF63402AF55624004F1F67 /* Assets.xcassets */,
				D91890F52AF6686400858463 /* ViewController4.swift */,
				D9CF63422AF55624004F1F67 /* LaunchScreen.storyboard */,
				D9CF63452AF55624004F1F67 /* Info.plist */,
				D9CF634B2AF55844004F1F67 /* ViewController1.swift */,
				D9CF634D2AF5586A004F1F67 /* ViewController2.swift */,
				D9CF634F2AF558AD004F1F67 /* ViewController3.swift */,
			);
			path = okayBye;
			sourceTree = "<group>";
		};
/* End PBXGroup section */

/* Begin PBXNativeTarget section */
		D9CF63332AF55621004F1F67 /* okayBye */ = {
			isa = PBXNativeTarget;
			buildConfigurationList = D9CF63482AF55624004F1F67 /* Build configuration list for PBXNativeTarget "okayBye" */;
			buildPhases = (
				D9CF63302AF55621004F1F67 /* Sources */,
				D9CF63312AF55621004F1F67 /* Frameworks */,
				D9CF63322AF55621004F1F67 /* Resources */,
			);
			buildRules = (
			);
			dependencies = (
			);
			name = okayBye;
			productName = okayBye;
			productReference = D9CF63342AF55621004F1F67 /* okayBye.app */;
			productType = "com.apple.product-type.application";
		};
/* End PBXNativeTarget section */

/* Begin PBXProject section */
		D9CF632C2AF55621004F1F67 /* Project object */ = {
			isa = PBXProject;
			attributes = {
				BuildIndependentTargetsInParallel = 1;
				LastSwiftUpdateCheck = 1330;
				LastUpgradeCheck = 1330;
				TargetAttributes = {
					D9CF63332AF55621004F1F67 = {
						CreatedOnToolsVersion = 13.3.1;
					};
				};
			};
			buildConfigurationList = D9CF632F2AF55621004F1F67 /* Build configuration list for PBXProject "okayBye" */;
			compatibilityVersion = "Xcode 13.0";
			developmentRegion = en;
			hasScannedForEncodings = 0;
			knownRegions = (
				en,
				Base,
			);
			mainGroup = D9CF632B2AF55621004F1F67;
			productRefGroup = D9CF63352AF55621004F1F67 /* Products */;
			projectDirPath = "";
			projectRoot = "";
			targets = (
				D9CF63332AF55621004F1F67 /* okayBye */,
			);
		};
/* End PBXProject section */

/* Begin PBXResourcesBuildPhase section */
		D9CF63322AF55621004F1F67 /* Resources */ = {
			isa = PBXResourcesBuildPhase;
			buildActionMask = 2147483647;
			files = (
				D9CF63442AF55624004F1F67 /* LaunchScreen.storyboard in Resources */,
				D9CF63412AF55624004F1F67 /* Assets.xcassets in Resources */,
				D9CF633F2AF55621004F1F67 /* Main.storyboard in Resources */,
			);
			runOnlyForDeploymentPostprocessing = 0;
		};
/* End PBXResourcesBuildPhase section */

/* Begin PBXSourcesBuildPhase section */
		D9CF63302AF55621004F1F67 /* Sources */ = {
			isa = PBXSourcesBuildPhase;
			buildActionMask = 2147483647;
			files = (
				D9CF634E2AF5586A004F1F67 /* ViewController2.swift in Sources */,
				D91890F62AF6686400858463 /* ViewController4.swift in Sources */,
				D9CF634C2AF55844004F1F67 /* ViewController1.swift in Sources */,
				D9CF63502AF558AD004F1F67 /* ViewController3.swift in Sources */,
				D9CF633C2AF55621004F1F67 /* ViewController.swift in Sources */,
				D9CF63382AF55621004F1F67 /* AppDelegate.swift in Sources */,
				D9CF633A2AF55621004F1F67 /* SceneDelegate.swift in Sources */,
			);
			runOnlyForDeploymentPostprocessing = 0;
		};
/* End PBXSourcesBuildPhase section */

/* Begin PBXVariantGroup section */
		D9CF633D2AF55621004F1F67 /* Main.storyboard */ = {
			isa = PBXVariantGroup;
			children = (
				D9CF633E2AF55621004F1F67 /* Base */,
			);
			name = Main.storyboard;
			sourceTree = "<group>";
		};
		D9CF63422AF55624004F1F67 /* LaunchScreen.storyboard */ = {
			isa = PBXVariantGroup;
			children = (
				D9CF63432AF55624004F1F67 /* Base */,
			);
			name = LaunchScreen.storyboard;
			sourceTree = "<group>";
		};
/* End PBXVariantGroup section */

/* Begin XCBuildConfiguration section */
		D9CF63462AF55624004F1F67 /* Debug */ = {
			isa = XCBuildConfiguration;
			buildSettings = {
				ALWAYS_SEARCH_USER_PATHS = NO;
				CLANG_ANALYZER_NONNULL = YES;
				CLANG_ANALYZER_NUMBER_OBJECT_CONVERSION = YES_AGGRESSIVE;
				CLANG_CXX_LANGUAGE_STANDARD = "gnu++17";
				CLANG_ENABLE_MODULES = YES;
				CLANG_ENABLE_OBJC_ARC = YES;
				CLANG_ENABLE_OBJC_WEAK = YES;
				CLANG_WARN_BLOCK_CAPTURE_AUTORELEASING = YES;
				CLANG_WARN_BOOL_CONVERSION = YES;
				CLANG_WARN_COMMA = YES;
				CLANG_WARN_CONSTANT_CONVERSION = YES;
				CLANG_WARN_DEPRECATED_OBJC_IMPLEMENTATIONS = YES;
				CLANG_WARN_DIRECT_OBJC_ISA_USAGE = YES_ERROR;
				CLANG_WARN_DOCUMENTATION_COMMENTS = YES;
				CLANG_WARN_EMPTY_BODY = YES;
				CLANG_WARN_ENUM_CONVERSION = YES;
				CLANG_WARN_INFINITE_RECURSION = YES;
				CLANG_WARN_INT_CONVERSION = YES;
				CLANG_WARN_NON_LITERAL_NULL_CONVERSION = YES;
				CLANG_WARN_OBJC_IMPLICIT_RETAIN_SELF = YES;
				CLANG_WARN_OBJC_LITERAL_CONVERSION = YES;
				CLANG_WARN_OBJC_ROOT_CLASS = YES_ERROR;
				CLANG_WARN_QUOTED_INCLUDE_IN_FRAMEWORK_HEADER = YES;
				CLANG_WARN_RANGE_LOOP_ANALYSIS = YES;
				CLANG_WARN_STRICT_PROTOTYPES = YES;
				CLANG_WARN_SUSPICIOUS_MOVE = YES;
				CLANG_WARN_UNGUARDED_AVAILABILITY = YES_AGGRESSIVE;
				CLANG_WARN_UNREACHABLE_CODE = YES;
				CLANG_WARN__DUPLICATE_METHOD_MATCH = YES;
				COPY_PHASE_STRIP = NO;
				DEBUG_INFORMATION_FORMAT = dwarf;
				ENABLE_STRICT_OBJC_MSGSEND = YES;
				ENABLE_TESTABILITY = YES;
				GCC_C_LANGUAGE_STANDARD = gnu11;
				GCC_DYNAMIC_NO_PIC = NO;
				GCC_NO_COMMON_BLOCKS = YES;
				GCC_OPTIMIZATION_LEVEL = 0;
				GCC_PREPROCESSOR_DEFINITIONS = (
					"DEBUG=1",
					"$(inherited)",
				);
				GCC_WARN_64_TO_32_BIT_CONVERSION = YES;
				GCC_WARN_ABOUT_RETURN_TYPE = YES_ERROR;
				GCC_WARN_UNDECLARED_SELECTOR = YES;
				GCC_WARN_UNINITIALIZED_AUTOS = YES_AGGRESSIVE;
				GCC_WARN_UNUSED_FUNCTION = YES;
				GCC_WARN_UNUSED_VARIABLE = YES;
				IPHONEOS_DEPLOYMENT_TARGET = 15.4;
				MTL_ENABLE_DEBUG_INFO = INCLUDE_SOURCE;
				MTL_FAST_MATH = YES;
				ONLY_ACTIVE_ARCH = YES;
				SDKROOT = iphoneos;
				SWIFT_ACTIVE_COMPILATION_CONDITIONS = DEBUG;
				SWIFT_OPTIMIZATION_LEVEL = "-Onone";
			};
			name = Debug;
		};
		D9CF63472AF55624004F1F67 /* Release */ = {
			isa = XCBuildConfiguration;
			buildSettings = {
				ALWAYS_SEARCH_USER_PATHS = NO;
				CLANG_ANALYZER_NONNULL = YES;
				CLANG_ANALYZER_NUMBER_OBJECT_CONVERSION = YES_AGGRESSIVE;
				CLANG_CXX_LANGUAGE_STANDARD = "gnu++17";
				CLANG_ENABLE_MODULES = YES;
				CLANG_ENABLE_OBJC_ARC = YES;
				CLANG_ENABLE_OBJC_WEAK = YES;
				CLANG_WARN_BLOCK_CAPTURE_AUTORELEASING = YES;
				CLANG_WARN_BOOL_CONVERSION = YES;
				CLANG_WARN_COMMA = YES;
				CLANG_WARN_CONSTANT_CONVERSION = YES;
				CLANG_WARN_DEPRECATED_OBJC_IMPLEMENTATIONS = YES;
				CLANG_WARN_DIRECT_OBJC_ISA_USAGE = YES_ERROR;
				CLANG_WARN_DOCUMENTATION_COMMENTS = YES;
				CLANG_WARN_EMPTY_BODY = YES;
				CLANG_WARN_ENUM_CONVERSION = YES;
				CLANG_WARN_INFINITE_RECURSION = YES;
				CLANG_WARN_INT_CONVERSION = YES;
				CLANG_WARN_NON_LITERAL_NULL_CONVERSION = YES;
				CLANG_WARN_OBJC_IMPLICIT_RETAIN_SELF = YES;
				CLANG_WARN_OBJC_LITERAL_CONVERSION = YES;
				CLANG_WARN_OBJC_ROOT_CLASS = YES_ERROR;
				CLANG_WARN_QUOTED_INCLUDE_IN_FRAMEWORK_HEADER = YES;
				CLANG_WARN_RANGE_LOOP_ANALYSIS = YES;
				CLANG_WARN_STRICT_PROTOTYPES = YES;
				CLANG_WARN_SUSPICIOUS_MOVE = YES;
				CLANG_WARN_UNGUARDED_AVAILABILITY = YES_AGGRESSIVE;
				CLANG_WARN_UNREACHABLE_CODE = YES;
				CLANG_WARN__DUPLICATE_METHOD_MATCH = YES;
				COPY_PHASE_STRIP = NO;
				DEBUG_INFORMATION_FORMAT = "dwarf-with-dsym";
				ENABLE_NS_ASSERTIONS = NO;
				ENABLE_STRICT_OBJC_MSGSEND = YES;
				GCC_C_LANGUAGE_STANDARD = gnu11;
				GCC_NO_COMMON_BLOCKS = YES;
				GCC_WARN_64_TO_32_BIT_CONVERSION = YES;
				GCC_WARN_ABOUT_RETURN_TYPE = YES_ERROR;
				GCC_WARN_UNDECLARED_SELECTOR = YES;
				GCC_WARN_UNINITIALIZED_AUTOS = YES_AGGRESSIVE;
				GCC_WARN_UNUSED_FUNCTION = YES;
				GCC_WARN_UNUSED_VARIABLE = YES;
				IPHONEOS_DEPLOYMENT_TARGET = 15.4;
				MTL_ENABLE_DEBUG_INFO = NO;
				MTL_FAST_MATH = YES;
				SDKROOT = iphoneos;
				SWIFT_COMPILATION_MODE = wholemodule;
				SWIFT_OPTIMIZATION_LEVEL = "-O";
				VALIDATE_PRODUCT = YES;
			};
			name = Release;
		};
		D9CF63492AF55624004F1F67 /* Debug */ = {
			isa = XCBuildConfiguration;
			buildSettings = {
				ASSETCATALOG_COMPILER_APPICON_NAME = AppIcon;
				ASSETCATALOG_COMPILER_GLOBAL_ACCENT_COLOR_NAME = AccentColor;
				CODE_SIGN_STYLE = Automatic;
				CURRENT_PROJECT_VERSION = 1;
				DEVELOPMENT_TEAM = 4PN88S2B7V;
				GENERATE_INFOPLIST_FILE = YES;
				INFOPLIST_FILE = okayBye/Info.plist;
				INFOPLIST_KEY_UIApplicationSupportsIndirectInputEvents = YES;
				INFOPLIST_KEY_UILaunchStoryboardName = LaunchScreen;
				INFOPLIST_KEY_UIMainStoryboardFile = Main;
				INFOPLIST_KEY_UISupportedInterfaceOrientations_iPad = "UIInterfaceOrientationPortrait UIInterfaceOrientationPortraitUpsideDown UIInterfaceOrientationLandscapeLeft UIInterfaceOrientationLandscapeRight";
				INFOPLIST_KEY_UISupportedInterfaceOrientations_iPhone = "UIInterfaceOrientationPortrait UIInterfaceOrientationLandscapeLeft UIInterfaceOrientationLandscapeRight";
				LD_RUNPATH_SEARCH_PATHS = (
					"$(inherited)",
					"@executable_path/Frameworks",
				);
				MARKETING_VERSION = 1.0;
				PRODUCT_BUNDLE_IDENTIFIER = com.example.spal.okayBye;
				PRODUCT_NAME = "$(TARGET_NAME)";
				SWIFT_EMIT_LOC_STRINGS = YES;
				SWIFT_VERSION = 5.0;
				TARGETED_DEVICE_FAMILY = "1,2";
			};
			name = Debug;
		};
		D9CF634A2AF55624004F1F67 /* Release */ = {
			isa = XCBuildConfiguration;
			buildSettings = {
				ASSETCATALOG_COMPILER_APPICON_NAME = AppIcon;
				ASSETCATALOG_COMPILER_GLOBAL_ACCENT_COLOR_NAME = AccentColor;
				CODE_SIGN_STYLE = Automatic;
				CURRENT_PROJECT_VERSION = 1;
				DEVELOPMENT_TEAM = 4PN88S2B7V;
				GENERATE_INFOPLIST_FILE = YES;
				INFOPLIST_FILE = okayBye/Info.plist;
				INFOPLIST_KEY_UIApplicationSupportsIndirectInputEvents = YES;
				INFOPLIST_KEY_UILaunchStoryboardName = LaunchScreen;
				INFOPLIST_KEY_UIMainStoryboardFile = Main;
				INFOPLIST_KEY_UISupportedInterfaceOrientations_iPad = "UIInterfaceOrientationPortrait UIInterfaceOrientationPortraitUpsideDown UIInterfaceOrientationLandscapeLeft UIInterfaceOrientationLandscapeRight";
				INFOPLIST_KEY_UISupportedInterfaceOrientations_iPhone = "UIInterfaceOrientationPortrait UIInterfaceOrientationLandscapeLeft UIInterfaceOrientationLandscapeRight";
				LD_RUNPATH_SEARCH_PATHS = (
					"$(inherited)",
					"@executable_path/Frameworks",
				);
				MARKETING_VERSION = 1.0;
				PRODUCT_BUNDLE_IDENTIFIER = com.example.spal.okayBye;
				PRODUCT_NAME = "$(TARGET_NAME)";
				SWIFT_EMIT_LOC_STRINGS = YES;
				SWIFT_VERSION = 5.0;
				TARGETED_DEVICE_FAMILY = "1,2";
			};
			name = Release;
		};
/* End XCBuildConfiguration section */

/* Begin XCConfigurationList section */
		D9CF632F2AF55621004F1F67 /* Build configuration list for PBXProject "okayBye" */ = {
			isa = XCConfigurationList;
			buildConfigurations = (
				D9CF63462AF55624004F1F67 /* Debug */,
				D9CF63472AF55624004F1F67 /* Release */,
			);
			defaultConfigurationIsVisible = 0;
			defaultConfigurationName = Release;
		};
		D9CF63482AF55624004F1F67 /* Build configuration list for PBXNativeTarget "okayBye" */ = {
			isa = XCConfigurationList;
			buildConfigurations = (
				D9CF63492AF55624004F1F67 /* Debug */,
				D9CF634A2AF55624004F1F67 /* Release */,
			);
			defaultConfigurationIsVisible = 0;
			defaultConfigurationName = Release;
		};
/* End XCConfigurationList section */
	};
	rootObject = D9CF632C2AF55621004F1F67 /* Project object */;
}
